
Microsoft Visual Studio Solution File, Format Version 12.00
# Visual Studio Version 17
VisualStudioVersion = 17.8.34322.80
MinimumVisualStudioVersion = 10.0.40219.1
Project("{FAE04EC0-301F-11D3-BF4B-00C04F79EFBC}") = "WPF-Charts", "WPF-Charts\WPF-Charts.csproj", "{554A65FA-D739-4B1C-BD24-8233092CA834}"
EndProject
Global
	GlobalSection(SolutionConfigurationPlatforms) = preSolution
		Debug|Any CPU = Debug|Any CPU
		Release|Any CPU = Release|Any CPU
	EndGlobalSection
	GlobalSection(ProjectConfigurationPlatforms) = postSolution
		{554A65FA-D739-4B1C-BD24-8233092CA834}.Debug|Any CPU.ActiveCfg = Debug|Any CPU
		{554A65FA-D739-4B1C-BD24-8233092CA834}.Debug|Any CPU.Build.0 = Debug|Any CPU
		{554A65FA-D739-4B1C-BD24-8233092CA834}.Release|Any CPU.ActiveCfg = Release|Any CPU
		{554A65FA-D739-4B1C-BD24-8233092CA834}.Release|Any CPU.Build.0 = Release|Any CPU
	EndGlobalSection
	GlobalSection(SolutionProperties) = preSolution
		HideSolutionNode = FALSE
	EndGlobalSection
	GlobalSection(ExtensibilityGlobals) = postSolution
		SolutionGuid = {0D80FDBB-431D-477E-BF2E-6DED47E3CB5F}
	EndGlobalSection
EndGlobal
